
Microsoft Visual Studio Solution File, Format Version 12.00
# Visual Studio Version 17
VisualStudioVersion = 17.10.35122.118
MinimumVisualStudioVersion = 10.0.40219.1
Project("{8BC9CEB8-8B4A-11D0-8D11-00A0C91BC942}") = "2-9-26 Chapter 5 University Registration System", "2-9-26 Chapter 5 University Registration System\2-9-26 Chapter 5 University Registration System.vcxproj", "{6FE71398-9CF7-4FF7-86CC-8295114ACC34}"
EndProject
Global
	GlobalSection(SolutionConfigurationPlatforms) = preSolution
		Debug|x64 = Debug|x64
		Debug|x86 = Debug|x86
		Release|x64 = Release|x64
		Release|x86 = Release|x86
	EndGlobalSection
	GlobalSection(ProjectConfigurationPlatforms) = postSolution
		{6FE71398-9CF7-4FF7-86CC-8295114ACC34}.Debug|x64.ActiveCfg = Debug|x64
		{6FE71398-9CF7-4FF7-86CC-8295114ACC34}.Debug|x64.Build.0 = Debug|x64
		{6FE71398-9CF7-4FF7-86CC-8295114ACC34}.Debug|x86.ActiveCfg = Debug|Win32
		{6FE71398-9CF7-4FF7-86CC-8295114ACC34}.Debug|x86.Build.0 = Debug|Win32
		{6FE71398-9CF7-4FF7-86CC-8295114ACC34}.Release|x64.ActiveCfg = Release|x64
		{6FE71398-9CF7-4FF7-86CC-8295114ACC34}.Release|x64.Build.0 = Release|x64
		{6FE71398-9CF7-4FF7-86CC-8295114ACC34}.Release|x86.ActiveCfg = Release|Win32
		{6FE71398-9CF7-4FF7-86CC-8295114ACC34}.Release|x86.Build.0 = Release|Win32
	EndGlobalSection
	GlobalSection(SolutionProperties) = preSolution
		HideSolutionNode = FALSE
	EndGlobalSection
	GlobalSection(ExtensibilityGlobals) = postSolution
		SolutionGuid = {A06A62F7-B1E2-4DBF-AD95-FA01B834F62E}
	EndGlobalSection
EndGlobal
